// !$*UTF8*$!
{
	archiveVersion = 1;
	classes = {
	};
	objectVersion = 55;
	objects = {

/* Begin PBXBuildFile section */
		59AE638B2864633600659869 /* iOS_ExampleApp.swift in Sources */ = {isa = PBXBuildFile; fileRef = 59AE638A2864633600659869 /* iOS_ExampleApp.swift */; };
		59AE638D2864633600659869 /* ContentView.swift in Sources */ = {isa = PBXBuildFile; fileRef = 59AE638C2864633600659869 /* ContentView.swift */; };
		59AE638F2864633700659869 /* Assets.xcassets in Resources */ = {isa = PBXBuildFile; fileRef = 59AE638E2864633700659869 /* Assets.xcassets */; };
		59AE63922864633700659869 /* Preview Assets.xcassets in Resources */ = {isa = PBXBuildFile; fileRef = 59AE63912864633700659869 /* Preview Assets.xcassets */; };
		59AE639C2864633700659869 /* iOS_ExampleTests.swift in Sources */ = {isa = PBXBuildFile; fileRef = 59AE639B2864633700659869 /* iOS_ExampleTests.swift */; };
		59AE63A62864633700659869 /* iOS_ExampleUITests.swift in Sources */ = {isa = PBXBuildFile; fileRef = 59AE63A52864633700659869 /* iOS_ExampleUITests.swift */; };
		59AE63A82864633700659869 /* iOS_ExampleUITestsLaunchTests.swift in Sources */ = {isa = PBXBuildFile; fileRef = 59AE63A72864633700659869 /* iOS_ExampleUITestsLaunchTests.swift */; };
		59AE63B8286463FC00659869 /* SwiftPMExample in Frameworks */ = {isa = PBXBuildFile; productRef = 59AE63B7286463FC00659869 /* SwiftPMExample */; };
/* End PBXBuildFile section */

/* Begin PBXContainerItemProxy section */
		59AE63982864633700659869 /* PBXContainerItemProxy */ = {
			isa = PBXContainerItemProxy;
			containerPortal = 59AE637F2864633600659869 /* Project object */;
			proxyType = 1;
			remoteGlobalIDString = 59AE63862864633600659869;
			remoteInfo = "iOS Example";
		};
		59AE63A22864633700659869 /* PBXContainerItemProxy */ = {
			isa = PBXContainerItemProxy;
			containerPortal = 59AE637F2864633600659869 /* Project object */;
			proxyType = 1;
			remoteGlobalIDString = 59AE63862864633600659869;
			remoteInfo = "iOS Example";
		};
/* End PBXContainerItemProxy section */

/* Begin PBXFileReference section */
		59AE63872864633600659869 /* iOS Example.app */ = {isa = PBXFileReference; explicitFileType = wrapper.application; includeInIndex = 0; path = "iOS Example.app"; sourceTree = BUILT_PRODUCTS_DIR; };
		59AE638A2864633600659869 /* iOS_ExampleApp.swift */ = {isa = PBXFileReference; lastKnownFileType = sourcecode.swift; path = iOS_ExampleApp.swift; sourceTree = "<group>"; };
		59AE638C2864633600659869 /* ContentView.swift */ = {isa = PBXFileReference; lastKnownFileType = sourcecode.swift; path = ContentView.swift; sourceTree = "<group>"; };
		59AE638E2864633700659869 /* Assets.xcassets */ = {isa = PBXFileReference; lastKnownFileType = folder.assetcatalog; path = Assets.xcassets; sourceTree = "<group>"; };
		59AE63912864633700659869 /* Preview Assets.xcassets */ = {isa = PBXFileReference; lastKnownFileType = folder.assetcatalog; path = "Preview Assets.xcassets"; sourceTree = "<group>"; };
		59AE63972864633700659869 /* iOS ExampleTests.xctest */ = {isa = PBXFileReference; explicitFileType = wrapper.cfbundle; includeInIndex = 0; path = "iOS ExampleTests.xctest"; sourceTree = BUILT_PRODUCTS_DIR; };
		59AE639B2864633700659869 /* iOS_ExampleTests.swift */ = {isa = PBXFileReference; lastKnownFileType = sourcecode.swift; path = iOS_ExampleTests.swift; sourceTree = "<group>"; };
		59AE63A12864633700659869 /* iOS ExampleUITests.xctest */ = {isa = PBXFileReference; explicitFileType = wrapper.cfbundle; includeInIndex = 0; path = "iOS ExampleUITests.xctest"; sourceTree = BUILT_PRODUCTS_DIR; };
		59AE63A52864633700659869 /* iOS_ExampleUITests.swift */ = {isa = PBXFileReference; lastKnownFileType = sourcecode.swift; path = iOS_ExampleUITests.swift; sourceTree = "<group>"; };
		59AE63A72864633700659869 /* iOS_ExampleUITestsLaunchTests.swift */ = {isa = PBXFileReference; lastKnownFileType = sourcecode.swift; path = iOS_ExampleUITestsLaunchTests.swift; sourceTree = "<group>"; };
		59AE63B5286463BF00659869 /* SwiftPMExample */ = {isa = PBXFileReference; lastKnownFileType = wrapper; name = SwiftPMExample; path = ..; sourceTree = "<group>"; };
/* End PBXFileReference section */

/* Begin PBXFrameworksBuildPhase section */
		59AE63842864633600659869 /* Frameworks */ = {
			isa = PBXFrameworksBuildPhase;
			buildActionMask = 2147483647;
			files = (
				59AE63B8286463FC00659869 /* SwiftPMExample in Frameworks */,
			);
			runOnlyForDeploymentPostprocessing = 0;
		};
		59AE63942864633700659869 /* Frameworks */ = {
			isa = PBXFrameworksBuildPhase;
			buildActionMask = 2147483647;
			files = (
			);
			runOnlyForDeploymentPostprocessing = 0;
		};
		59AE639E2864633700659869 /* Frameworks */ = {
			isa = PBXFrameworksBuildPhase;
			buildActionMask = 2147483647;
			files = (
			);
			runOnlyForDeploymentPostprocessing = 0;
		};
/* End PBXFrameworksBuildPhase section */

/* Begin PBXGroup section */
		59AE637E2864633600659869 = {
			isa = PBXGroup;
			children = (
				59AE63B4286463BF00659869 /* Packages */,
				59AE63892864633600659869 /* iOS Example */,
				59AE639A2864633700659869 /* iOS ExampleTests */,
				59AE63A42864633700659869 /* iOS ExampleUITests */,
				59AE63882864633600659869 /* Products */,
			);
			sourceTree = "<group>";
		};
		59AE63882864633600659869 /* Products */ = {
			isa = PBXGroup;
			children = (
				59AE63872864633600659869 /* iOS Example.app */,
				59AE63972864633700659869 /* iOS ExampleTests.xctest */,
				59AE63A12864633700659869 /* iOS ExampleUITests.xctest */,
			);
			name = Products;
			sourceTree = "<group>";
		};
		59AE63892864633600659869 /* iOS Example */ = {
			isa = PBXGroup;
			children = (
				59AE638A2864633600659869 /* iOS_ExampleApp.swift */,
				59AE638C2864633600659869 /* ContentView.swift */,
				59AE638E2864633700659869 /* Assets.xcassets */,
				59AE63902864633700659869 /* Preview Content */,
			);
			path = "iOS Example";
			sourceTree = "<group>";
		};
		59AE63902864633700659869 /* Preview Content */ = {
			isa = PBXGroup;
			children = (
				59AE63912864633700659869 /* Preview Assets.xcassets */,
			);
			path = "Preview Content";
			sourceTree = "<group>";
		};
		59AE639A2864633700659869 /* iOS ExampleTests */ = {
			isa = PBXGroup;
			children = (
				59AE639B2864633700659869 /* iOS_ExampleTests.swift */,
			);
			path = "iOS ExampleTests";
			sourceTree = "<group>";
		};
		59AE63A42864633700659869 /* iOS ExampleUITests */ = {
			isa = PBXGroup;
			children = (
				59AE63A52864633700659869 /* iOS_ExampleUITests.swift */,
				59AE63A72864633700659869 /* iOS_ExampleUITestsLaunchTests.swift */,
			);
			path = "iOS ExampleUITests";
			sourceTree = "<group>";
		};
		59AE63B4286463BF00659869 /* Packages */ = {
			isa = PBXGroup;
			children = (
				59AE63B5286463BF00659869 /* SwiftPMExample */,
			);
			name = Packages;
			sourceTree = "<group>";
		};
/* End PBXGroup section */

/* Begin PBXNativeTarget section */
		59AE63862864633600659869 /* iOS Example */ = {
			isa = PBXNativeTarget;
			buildConfigurationList = 59AE63AB2864633700659869 /* Build configuration list for PBXNativeTarget "iOS Example" */;
			buildPhases = (
				59AE63832864633600659869 /* Sources */,
				59AE63842864633600659869 /* Frameworks */,
				59AE63852864633600659869 /* Resources */,
			);
			buildRules = (
			);
			dependencies = (
			);
			name = "iOS Example";
			packageProductDependencies = (
				59AE63B7286463FC00659869 /* SwiftPMExample */,
			);
			productName = "iOS Example";
			productReference = 59AE63872864633600659869 /* iOS Example.app */;
			productType = "com.apple.product-type.application";
		};
		59AE63962864633700659869 /* iOS ExampleTests */ = {
			isa = PBXNativeTarget;
			buildConfigurationList = 59AE63AE2864633700659869 /* Build configuration list for PBXNativeTarget "iOS ExampleTests" */;
			buildPhases = (
				59AE63932864633700659869 /* Sources */,
				59AE63942864633700659869 /* Frameworks */,
				59AE63952864633700659869 /* Resources */,
			);
			buildRules = (
			);
			dependencies = (
				59AE63992864633700659869 /* PBXTargetDependency */,
			);
			name = "iOS ExampleTests";
			productName = "iOS ExampleTests";
			productReference = 59AE63972864633700659869 /* iOS ExampleTests.xctest */;
			productType = "com.apple.product-type.bundle.unit-test";
		};
		59AE63A02864633700659869 /* iOS ExampleUITests */ = {
			isa = PBXNativeTarget;
			buildConfigurationList = 59AE63B12864633700659869 /* Build configuration list for PBXNativeTarget "iOS ExampleUITests" */;
			buildPhases = (
				59AE639D2864633700659869 /* Sources */,
				59AE639E2864633700659869 /* Frameworks */,
				59AE639F2864633700659869 /* Resources */,
			);
			buildRules = (
			);
			dependencies = (
				59AE63A32864633700659869 /* PBXTargetDependency */,
			);
			name = "iOS ExampleUITests";
			productName = "iOS ExampleUITests";
			productReference = 59AE63A12864633700659869 /* iOS ExampleUITests.xctest */;
			productType = "com.apple.product-type.bundle.ui-testing";
		};
/* End PBXNativeTarget section */

/* Begin PBXProject section */
		59AE637F2864633600659869 /* Project object */ = {
			isa = PBXProject;
			attributes = {
				BuildIndependentTargetsInParallel = 1;
				LastSwiftUpdateCheck = 1340;
				LastUpgradeCheck = 1340;
				TargetAttributes = {
					59AE63862864633600659869 = {
						CreatedOnToolsVersion = 13.4;
					};
					59AE63962864633700659869 = {
						CreatedOnToolsVersion = 13.4;
						TestTargetID = 59AE63862864633600659869;
					};
					59AE63A02864633700659869 = {
						CreatedOnToolsVersion = 13.4;
						TestTargetID = 59AE63862864633600659869;
					};
				};
			};
			buildConfigurationList = 59AE63822864633600659869 /* Build configuration list for PBXProject "iOS Example" */;
			compatibilityVersion = "Xcode 13.0";
			developmentRegion = en;
			hasScannedForEncodings = 0;
			knownRegions = (
				en,
				Base,
			);
			mainGroup = 59AE637E2864633600659869;
			packageReferences = (
				59AE63B6286463FC00659869 /* XCRemoteSwiftPackageReference "SwiftPMExample" */,
			);
			productRefGroup = 59AE63882864633600659869 /* Products */;
			projectDirPath = "";
			projectRoot = "";
			targets = (
				59AE63862864633600659869 /* iOS Example */,
				59AE63962864633700659869 /* iOS ExampleTests */,
				59AE63A02864633700659869 /* iOS ExampleUITests */,
			);
		};
/* End PBXProject section */

/* Begin PBXResourcesBuildPhase section */
		59AE63852864633600659869 /* Resources */ = {
			isa = PBXResourcesBuildPhase;
			buildActionMask = 2147483647;
			files = (
				59AE63922864633700659869 /* Preview Assets.xcassets in Resources */,
				59AE638F2864633700659869 /* Assets.xcassets in Resources */,
			);
			runOnlyForDeploymentPostprocessing = 0;
		};
		59AE63952864633700659869 /* Resources */ = {
			isa = PBXResourcesBuildPhase;
			buildActionMask = 2147483647;
			files = (
			);
			runOnlyForDeploymentPostprocessing = 0;
		};
		59AE639F2864633700659869 /* Resources */ = {
			isa = PBXResourcesBuildPhase;
			buildActionMask = 2147483647;
			files = (
			);
			runOnlyForDeploymentPostprocessing = 0;
		};
/* End PBXResourcesBuildPhase section */

/* Begin PBXSourcesBuildPhase section */
		59AE63832864633600659869 /* Sources */ = {
			isa = PBXSourcesBuildPhase;
			buildActionMask = 2147483647;
			files = (
				59AE638D2864633600659869 /* ContentView.swift in Sources */,
				59AE638B2864633600659869 /* iOS_ExampleApp.swift in Sources */,
			);
			runOnlyForDeploymentPostprocessing = 0;
		};
		59AE63932864633700659869 /* Sources */ = {
			isa = PBXSourcesBuildPhase;
			buildActionMask = 2147483647;
			files = (
				59AE639C2864633700659869 /* iOS_ExampleTests.swift in Sources */,
			);
			runOnlyForDeploymentPostprocessing = 0;
		};
		59AE639D2864633700659869 /* Sources */ = {
			isa = PBXSourcesBuildPhase;
			buildActionMask = 2147483647;
			files = (
				59AE63A62864633700659869 /* iOS_ExampleUITests.swift in Sources */,
				59AE63A82864633700659869 /* iOS_ExampleUITestsLaunchTests.swift in Sources */,
			);
			runOnlyForDeploymentPostprocessing = 0;
		};
/* End PBXSourcesBuildPhase section */

/* Begin PBXTargetDependency section */
		59AE63992864633700659869 /* PBXTargetDependency */ = {
			isa = PBXTargetDependency;
			target = 59AE63862864633600659869 /* iOS Example */;
			targetProxy = 59AE63982864633700659869 /* PBXContainerItemProxy */;
		};
		59AE63A32864633700659869 /* PBXTargetDependency */ = {
			isa = PBXTargetDependency;
			target = 59AE63862864633600659869 /* iOS Example */;
			targetProxy = 59AE63A22864633700659869 /* PBXContainerItemProxy */;
		};
/* End PBXTargetDependency section */

/* Begin XCBuildConfiguration section */
		59AE63A92864633700659869 /* Debug */ = {
			isa = XCBuildConfiguration;
			buildSettings = {
				ALWAYS_SEARCH_USER_PATHS = NO;
				CLANG_ANALYZER_NONNULL = YES;
				CLANG_ANALYZER_NUMBER_OBJECT_CONVERSION = YES_AGGRESSIVE;
				CLANG_CXX_LANGUAGE_STANDARD = "gnu++17";
				CLANG_ENABLE_MODULES = YES;
				CLANG_ENABLE_OBJC_ARC = YES;
				CLANG_ENABLE_OBJC_WEAK = YES;
				CLANG_WARN_BLOCK_CAPTURE_AUTORELEASING = YES;
				CLANG_WARN_BOOL_CONVERSION = YES;
				CLANG_WARN_COMMA = YES;
				CLANG_WARN_CONSTANT_CONVERSION = YES;
				CLANG_WARN_DEPRECATED_OBJC_IMPLEMENTATIONS = YES;
				CLANG_WARN_DIRECT_OBJC_ISA_USAGE = YES_ERROR;
				CLANG_WARN_DOCUMENTATION_COMMENTS = YES;
				CLANG_WARN_EMPTY_BODY = YES;
				CLANG_WARN_ENUM_CONVERSION = YES;
				CLANG_WARN_INFINITE_RECURSION = YES;
				CLANG_WARN_INT_CONVERSION = YES;
				CLANG_WARN_NON_LITERAL_NULL_CONVERSION = YES;
				CLANG_WARN_OBJC_IMPLICIT_RETAIN_SELF = YES;
				CLANG_WARN_OBJC_LITERAL_CONVERSION = YES;
				CLANG_WARN_OBJC_ROOT_CLASS = YES_ERROR;
				CLANG_WARN_QUOTED_INCLUDE_IN_FRAMEWORK_HEADER = YES;
				CLANG_WARN_RANGE_LOOP_ANALYSIS = YES;
				CLANG_WARN_STRICT_PROTOTYPES = YES;
				CLANG_WARN_SUSPICIOUS_MOVE = YES;
				CLANG_WARN_UNGUARDED_AVAILABILITY = YES_AGGRESSIVE;
				CLANG_WARN_UNREACHABLE_CODE = YES;
				CLANG_WARN__DUPLICATE_METHOD_MATCH = YES;
				COPY_PHASE_STRIP = NO;
				DEBUG_INFORMATION_FORMAT = dwarf;
				ENABLE_STRICT_OBJC_MSGSEND = YES;
				ENABLE_TESTABILITY = YES;
				GCC_C_LANGUAGE_STANDARD = gnu11;
				GCC_DYNAMIC_NO_PIC = NO;
				GCC_NO_COMMON_BLOCKS = YES;
				GCC_OPTIMIZATION_LEVEL = 0;
				GCC_PREPROCESSOR_DEFINITIONS = (
					"DEBUG=1",
					"$(inherited)",
				);
				GCC_WARN_64_TO_32_BIT_CONVERSION = YES;
				GCC_WARN_ABOUT_RETURN_TYPE = YES_ERROR;
				GCC_WARN_UNDECLARED_SELECTOR = YES;
				GCC_WARN_UNINITIALIZED_AUTOS = YES_AGGRESSIVE;
				GCC_WARN_UNUSED_FUNCTION = YES;
				GCC_WARN_UNUSED_VARIABLE = YES;
				IPHONEOS_DEPLOYMENT_TARGET = 15.5;
				MTL_ENABLE_DEBUG_INFO = INCLUDE_SOURCE;
				MTL_FAST_MATH = YES;
				ONLY_ACTIVE_ARCH = YES;
				SDKROOT = iphoneos;
				SWIFT_ACTIVE_COMPILATION_CONDITIONS = DEBUG;
				SWIFT_OPTIMIZATION_LEVEL = "-Onone";
			};
			name = Debug;
		};
		59AE63AA2864633700659869 /* Release */ = {
			isa = XCBuildConfiguration;
			buildSettings = {
				ALWAYS_SEARCH_USER_PATHS = NO;
				CLANG_ANALYZER_NONNULL = YES;
				CLANG_ANALYZER_NUMBER_OBJECT_CONVERSION = YES_AGGRESSIVE;
				CLANG_CXX_LANGUAGE_STANDARD = "gnu++17";
				CLANG_ENABLE_MODULES = YES;
				CLANG_ENABLE_OBJC_ARC = YES;
				CLANG_ENABLE_OBJC_WEAK = YES;
				CLANG_WARN_BLOCK_CAPTURE_AUTORELEASING = YES;
				CLANG_WARN_BOOL_CONVERSION = YES;
				CLANG_WARN_COMMA = YES;
				CLANG_WARN_CONSTANT_CONVERSION = YES;
				CLANG_WARN_DEPRECATED_OBJC_IMPLEMENTATIONS = YES;
				CLANG_WARN_DIRECT_OBJC_ISA_USAGE = YES_ERROR;
				CLANG_WARN_DOCUMENTATION_COMMENTS = YES;
				CLANG_WARN_EMPTY_BODY = YES;
				CLANG_WARN_ENUM_CONVERSION = YES;
				CLANG_WARN_INFINITE_RECURSION = YES;
				CLANG_WARN_INT_CONVERSION = YES;
				CLANG_WARN_NON_LITERAL_NULL_CONVERSION = YES;
				CLANG_WARN_OBJC_IMPLICIT_RETAIN_SELF = YES;
				CLANG_WARN_OBJC_LITERAL_CONVERSION = YES;
				CLANG_WARN_OBJC_ROOT_CLASS = YES_ERROR;
				CLANG_WARN_QUOTED_INCLUDE_IN_FRAMEWORK_HEADER = YES;
				CLANG_WARN_RANGE_LOOP_ANALYSIS = YES;
				CLANG_WARN_STRICT_PROTOTYPES = YES;
				CLANG_WARN_SUSPICIOUS_MOVE = YES;
				CLANG_WARN_UNGUARDED_AVAILABILITY = YES_AGGRESSIVE;
				CLANG_WARN_UNREACHABLE_CODE = YES;
				CLANG_WARN__DUPLICATE_METHOD_MATCH = YES;
				COPY_PHASE_STRIP = NO;
				DEBUG_INFORMATION_FORMAT = "dwarf-with-dsym";
				ENABLE_NS_ASSERTIONS = NO;
				ENABLE_STRICT_OBJC_MSGSEND = YES;
				GCC_C_LANGUAGE_STANDARD = gnu11;
				GCC_NO_COMMON_BLOCKS = YES;
				GCC_WARN_64_TO_32_BIT_CONVERSION = YES;
				GCC_WARN_ABOUT_RETURN_TYPE = YES_ERROR;
				GCC_WARN_UNDECLARED_SELECTOR = YES;
				GCC_WARN_UNINITIALIZED_AUTOS = YES_AGGRESSIVE;
				GCC_WARN_UNUSED_FUNCTION = YES;
				GCC_WARN_UNUSED_VARIABLE = YES;
				IPHONEOS_DEPLOYMENT_TARGET = 15.5;
				MTL_ENABLE_DEBUG_INFO = NO;
				MTL_FAST_MATH = YES;
				SDKROOT = iphoneos;
				SWIFT_COMPILATION_MODE = wholemodule;
				SWIFT_OPTIMIZATION_LEVEL = "-O";
				VALIDATE_PRODUCT = YES;
			};
			name = Release;
		};
		59AE63AC2864633700659869 /* Debug */ = {
			isa = XCBuildConfiguration;
			buildSettings = {
				ASSETCATALOG_COMPILER_APPICON_NAME = AppIcon;
				ASSETCATALOG_COMPILER_GLOBAL_ACCENT_COLOR_NAME = AccentColor;
				CODE_SIGN_STYLE = Automatic;
				CURRENT_PROJECT_VERSION = 1;
				DEVELOPMENT_ASSET_PATHS = "\"iOS Example/Preview Content\"";
				DEVELOPMENT_TEAM = X2DM6728F2;
				ENABLE_PREVIEWS = YES;
				GENERATE_INFOPLIST_FILE = YES;
				INFOPLIST_KEY_UIApplicationSceneManifest_Generation = YES;
				INFOPLIST_KEY_UIApplicationSupportsIndirectInputEvents = YES;
				INFOPLIST_KEY_UILaunchScreen_Generation = YES;
				INFOPLIST_KEY_UISupportedInterfaceOrientations_iPad = "UIInterfaceOrientationPortrait UIInterfaceOrientationPortraitUpsideDown UIInterfaceOrientationLandscapeLeft UIInterfaceOrientationLandscapeRight";
				INFOPLIST_KEY_UISupportedInterfaceOrientations_iPhone = "UIInterfaceOrientationPortrait UIInterfaceOrientationLandscapeLeft UIInterfaceOrientationLandscapeRight";
				LD_RUNPATH_SEARCH_PATHS = (
					"$(inherited)",
					"@executable_path/Frameworks",
				);
				MARKETING_VERSION = 1.0;
				PRODUCT_BUNDLE_IDENTIFIER = "com.skb.iOS-Example";
				PRODUCT_NAME = "$(TARGET_NAME)";
				SWIFT_EMIT_LOC_STRINGS = YES;
				SWIFT_VERSION = 5.0;
				TARGETED_DEVICE_FAMILY = "1,2";
			};
			name = Debug;
		};
		59AE63AD2864633700659869 /* Release */ = {
			isa = XCBuildConfiguration;
			buildSettings = {
				ASSETCATALOG_COMPILER_APPICON_NAME = AppIcon;
				ASSETCATALOG_COMPILER_GLOBAL_ACCENT_COLOR_NAME = AccentColor;
				CODE_SIGN_STYLE = Automatic;
				CURRENT_PROJECT_VERSION = 1;
				DEVELOPMENT_ASSET_PATHS = "\"iOS Example/Preview Content\"";
				DEVELOPMENT_TEAM = X2DM6728F2;
				ENABLE_PREVIEWS = YES;
				GENERATE_INFOPLIST_FILE = YES;
				INFOPLIST_KEY_UIApplicationSceneManifest_Generation = YES;
				INFOPLIST_KEY_UIApplicationSupportsIndirectInputEvents = YES;
				INFOPLIST_KEY_UILaunchScreen_Generation = YES;
				INFOPLIST_KEY_UISupportedInterfaceOrientations_iPad = "UIInterfaceOrientationPortrait UIInterfaceOrientationPortraitUpsideDown UIInterfaceOrientationLandscapeLeft UIInterfaceOrientationLandscapeRight";
				INFOPLIST_KEY_UISupportedInterfaceOrientations_iPhone = "UIInterfaceOrientationPortrait UIInterfaceOrientationLandscapeLeft UIInterfaceOrientationLandscapeRight";
				LD_RUNPATH_SEARCH_PATHS = (
					"$(inherited)",
					"@executable_path/Frameworks",
				);
				MARKETING_VERSION = 1.0;
				PRODUCT_BUNDLE_IDENTIFIER = "com.skb.iOS-Example";
				PRODUCT_NAME = "$(TARGET_NAME)";
				SWIFT_EMIT_LOC_STRINGS = YES;
				SWIFT_VERSION = 5.0;
				TARGETED_DEVICE_FAMILY = "1,2";
			};
			name = Release;
		};
		59AE63AF2864633700659869 /* Debug */ = {
			isa = XCBuildConfiguration;
			buildSettings = {
				ALWAYS_EMBED_SWIFT_STANDARD_LIBRARIES = YES;
				BUNDLE_LOADER = "$(TEST_HOST)";
				CODE_SIGN_STYLE = Automatic;
				CURRENT_PROJECT_VERSION = 1;
				DEVELOPMENT_TEAM = X2DM6728F2;
				GENERATE_INFOPLIST_FILE = YES;
				IPHONEOS_DEPLOYMENT_TARGET = 15.5;
				MARKETING_VERSION = 1.0;
				PRODUCT_BUNDLE_IDENTIFIER = "com.skb.iOS-ExampleTests";
				PRODUCT_NAME = "$(TARGET_NAME)";
				SWIFT_EMIT_LOC_STRINGS = NO;
				SWIFT_VERSION = 5.0;
				TARGETED_DEVICE_FAMILY = "1,2";
				TEST_HOST = "$(BUILT_PRODUCTS_DIR)/iOS Example.app/iOS Example";
			};
			name = Debug;
		};
		59AE63B02864633700659869 /* Release */ = {
			isa = XCBuildConfiguration;
			buildSettings = {
				ALWAYS_EMBED_SWIFT_STANDARD_LIBRARIES = YES;
				BUNDLE_LOADER = "$(TEST_HOST)";
				CODE_SIGN_STYLE = Automatic;
				CURRENT_PROJECT_VERSION = 1;
				DEVELOPMENT_TEAM = X2DM6728F2;
				GENERATE_INFOPLIST_FILE = YES;
				IPHONEOS_DEPLOYMENT_TARGET = 15.5;
				MARKETING_VERSION = 1.0;
				PRODUCT_BUNDLE_IDENTIFIER = "com.skb.iOS-ExampleTests";
				PRODUCT_NAME = "$(TARGET_NAME)";
				SWIFT_EMIT_LOC_STRINGS = NO;
				SWIFT_VERSION = 5.0;
				TARGETED_DEVICE_FAMILY = "1,2";
				TEST_HOST = "$(BUILT_PRODUCTS_DIR)/iOS Example.app/iOS Example";
			};
			name = Release;
		};
		59AE63B22864633700659869 /* Debug */ = {
			isa = XCBuildConfiguration;
			buildSettings = {
				ALWAYS_EMBED_SWIFT_STANDARD_LIBRARIES = YES;
				CODE_SIGN_STYLE = Automatic;
				CURRENT_PROJECT_VERSION = 1;
				DEVELOPMENT_TEAM = X2DM6728F2;
				GENERATE_INFOPLIST_FILE = YES;
				MARKETING_VERSION = 1.0;
				PRODUCT_BUNDLE_IDENTIFIER = "com.skb.iOS-ExampleUITests";
				PRODUCT_NAME = "$(TARGET_NAME)";
				SWIFT_EMIT_LOC_STRINGS = NO;
				SWIFT_VERSION = 5.0;
				TARGETED_DEVICE_FAMILY = "1,2";
				TEST_TARGET_NAME = "iOS Example";
			};
			name = Debug;
		};
		59AE63B32864633700659869 /* Release */ = {
			isa = XCBuildConfiguration;
			buildSettings = {
				ALWAYS_EMBED_SWIFT_STANDARD_LIBRARIES = YES;
				CODE_SIGN_STYLE = Automatic;
				CURRENT_PROJECT_VERSION = 1;
				DEVELOPMENT_TEAM = X2DM6728F2;
				GENERATE_INFOPLIST_FILE = YES;
				MARKETING_VERSION = 1.0;
				PRODUCT_BUNDLE_IDENTIFIER = "com.skb.iOS-ExampleUITests";
				PRODUCT_NAME = "$(TARGET_NAME)";
				SWIFT_EMIT_LOC_STRINGS = NO;
				SWIFT_VERSION = 5.0;
				TARGETED_DEVICE_FAMILY = "1,2";
				TEST_TARGET_NAME = "iOS Example";
			};
			name = Release;
		};
/* End XCBuildConfiguration section */

/* Begin XCConfigurationList section */
		59AE63822864633600659869 /* Build configuration list for PBXProject "iOS Example" */ = {
			isa = XCConfigurationList;
			buildConfigurations = (
				59AE63A92864633700659869 /* Debug */,
				59AE63AA2864633700659869 /* Release */,
			);
			defaultConfigurationIsVisible = 0;
			defaultConfigurationName = Release;
		};
		59AE63AB2864633700659869 /* Build configuration list for PBXNativeTarget "iOS Example" */ = {
			isa = XCConfigurationList;
			buildConfigurations = (
				59AE63AC2864633700659869 /* Debug */,
				59AE63AD2864633700659869 /* Release */,
			);
			defaultConfigurationIsVisible = 0;
			defaultConfigurationName = Release;
		};
		59AE63AE2864633700659869 /* Build configuration list for PBXNativeTarget "iOS ExampleTests" */ = {
			isa = XCConfigurationList;
			buildConfigurations = (
				59AE63AF2864633700659869 /* Debug */,
				59AE63B02864633700659869 /* Release */,
			);
			defaultConfigurationIsVisible = 0;
			defaultConfigurationName = Release;
		};
		59AE63B12864633700659869 /* Build configuration list for PBXNativeTarget "iOS ExampleUITests" */ = {
			isa = XCConfigurationList;
			buildConfigurations = (
				59AE63B22864633700659869 /* Debug */,
				59AE63B32864633700659869 /* Release */,
			);
			defaultConfigurationIsVisible = 0;
			defaultConfigurationName = Release;
		};
/* End XCConfigurationList section */

/* Begin XCRemoteSwiftPackageReference section */
		59AE63B6286463FC00659869 /* XCRemoteSwiftPackageReference "SwiftPMExample" */ = {
			isa = XCRemoteSwiftPackageReference;
			repositoryURL = "../";
			requirement = {
				kind = upToNextMajorVersion;
				minimumVersion = 1.0.0;
			};
		};
/* End XCRemoteSwiftPackageReference section */

/* Begin XCSwiftPackageProductDependency section */
		59AE63B7286463FC00659869 /* SwiftPMExample */ = {
			isa = XCSwiftPackageProductDependency;
			package = 59AE63B6286463FC00659869 /* XCRemoteSwiftPackageReference "SwiftPMExample" */;
			productName = SwiftPMExample;
		};
/* End XCSwiftPackageProductDependency section */
	};
	rootObject = 59AE637F2864633600659869 /* Project object */;
}
